
Microsoft Visual Studio Solution File, Format Version 12.00
# Visual Studio Version 17
VisualStudioVersion = 17.10.35013.160
MinimumVisualStudioVersion = 10.0.40219.1
Project("{2150E333-8FDC-42A3-9474-1A3956D46DE8}") = "Services", "Services", "{C4FF79B7-B288-4CF7-B102-7355ABD63C3E}"
EndProject
Project("{9A19103F-16F7-4668-BE54-9A1E7A4F7556}") = "Services.CoreApi", "src\Services\Services.CoreApi\Services.CoreApi.csproj", "{D3B3B286-1499-419F-A9E9-8463F19B00FC}"
EndProject
Project("{2150E333-8FDC-42A3-9474-1A3956D46DE8}") = "Solution Items", "Solution Items", "{A657A7DA-098D-4617-860D-2C1199F556A9}"
	ProjectSection(SolutionItems) = preProject
		.gitignore = .gitignore
	EndProjectSection
EndProject
Project("{2150E333-8FDC-42A3-9474-1A3956D46DE8}") = "Logic", "Logic", "{7CA9FD5D-593D-484C-A99C-F7901BEA23CB}"
EndProject
Project("{9A19103F-16F7-4668-BE54-9A1E7A4F7556}") = "Logic.Core", "src\Logic\Logic.Core\Logic.Core.csproj", "{E7DAA6B7-6F42-4EEA-96BD-6347CA5C6488}"
EndProject
Project("{9A19103F-16F7-4668-BE54-9A1E7A4F7556}") = "Logic.Interfaces", "src\Logic\Logic.Interfaces\Logic.Interfaces.csproj", "{52B25B4A-68FC-48D5-9501-438442A8CB1E}"
EndProject
Project("{9A19103F-16F7-4668-BE54-9A1E7A4F7556}") = "Logic.Models", "src\Logic\Logic.Models\Logic.Models.csproj", "{BB4DDC80-8419-4B28-8396-48C77BF1F67B}"
EndProject
Project("{2150E333-8FDC-42A3-9474-1A3956D46DE8}") = "Repositories", "Repositories", "{CAA2607B-809B-4F1F-BC44-86495FBFFE0A}"
EndProject
Project("{9A19103F-16F7-4668-BE54-9A1E7A4F7556}") = "Repositories.Core", "src\Repositories\Repositories.Core\Repositories.Core.csproj", "{A651D474-D043-4688-9795-52FD877498CD}"
EndProject
Project("{9A19103F-16F7-4668-BE54-9A1E7A4F7556}") = "Repositories.Interfaces", "src\Repositories\Repositories.Interfaces\Repositories.Interfaces.csproj", "{0E1E2A01-72BD-4DAF-87FB-356C0023118A}"
EndProject
Project("{9A19103F-16F7-4668-BE54-9A1E7A4F7556}") = "Logic.Common", "src\Logic\Logic.Common\Logic.Common.csproj", "{0C07CCC1-820C-49EE-AF2D-45668EE681DD}"
EndProject
Project("{2150E333-8FDC-42A3-9474-1A3956D46DE8}") = "Tests", "Tests", "{ABC2AF5F-335D-4820-BA00-EEC57F5ABF8B}"
EndProject
Project("{9A19103F-16F7-4668-BE54-9A1E7A4F7556}") = "Tests.Logic.Models", "tests\Tests.Logic.Models\Tests.Logic.Models.csproj", "{A3B82913-581F-4B5F-85A6-C314E77E8171}"
EndProject
Project("{FAE04EC0-301F-11D3-BF4B-00C04F79EFBC}") = "Test.Logic.Core", "tests\Test.Logic.Core\Test.Logic.Core.csproj", "{AC6323B8-E177-47CE-B5DF-9D62262B046F}"
EndProject
Global
	GlobalSection(SolutionConfigurationPlatforms) = preSolution
		Debug|Any CPU = Debug|Any CPU
		Release|Any CPU = Release|Any CPU
	EndGlobalSection
	GlobalSection(ProjectConfigurationPlatforms) = postSolution
		{D3B3B286-1499-419F-A9E9-8463F19B00FC}.Debug|Any CPU.ActiveCfg = Debug|Any CPU
		{D3B3B286-1499-419F-A9E9-8463F19B00FC}.Debug|Any CPU.Build.0 = Debug|Any CPU
		{D3B3B286-1499-419F-A9E9-8463F19B00FC}.Release|Any CPU.ActiveCfg = Release|Any CPU
		{D3B3B286-1499-419F-A9E9-8463F19B00FC}.Release|Any CPU.Build.0 = Release|Any CPU
		{E7DAA6B7-6F42-4EEA-96BD-6347CA5C6488}.Debug|Any CPU.ActiveCfg = Debug|Any CPU
		{E7DAA6B7-6F42-4EEA-96BD-6347CA5C6488}.Debug|Any CPU.Build.0 = Debug|Any CPU
		{E7DAA6B7-6F42-4EEA-96BD-6347CA5C6488}.Release|Any CPU.ActiveCfg = Release|Any CPU
		{E7DAA6B7-6F42-4EEA-96BD-6347CA5C6488}.Release|Any CPU.Build.0 = Release|Any CPU
		{52B25B4A-68FC-48D5-9501-438442A8CB1E}.Debug|Any CPU.ActiveCfg = Debug|Any CPU
		{52B25B4A-68FC-48D5-9501-438442A8CB1E}.Debug|Any CPU.Build.0 = Debug|Any CPU
		{52B25B4A-68FC-48D5-9501-438442A8CB1E}.Release|Any CPU.ActiveCfg = Release|Any CPU
		{52B25B4A-68FC-48D5-9501-438442A8CB1E}.Release|Any CPU.Build.0 = Release|Any CPU
		{BB4DDC80-8419-4B28-8396-48C77BF1F67B}.Debug|Any CPU.ActiveCfg = Debug|Any CPU
		{BB4DDC80-8419-4B28-8396-48C77BF1F67B}.Debug|Any CPU.Build.0 = Debug|Any CPU
		{BB4DDC80-8419-4B28-8396-48C77BF1F67B}.Release|Any CPU.ActiveCfg = Release|Any CPU
		{BB4DDC80-8419-4B28-8396-48C77BF1F67B}.Release|Any CPU.Build.0 = Release|Any CPU
		{A651D474-D043-4688-9795-52FD877498CD}.Debug|Any CPU.ActiveCfg = Debug|Any CPU
		{A651D474-D043-4688-9795-52FD877498CD}.Debug|Any CPU.Build.0 = Debug|Any CPU
		{A651D474-D043-4688-9795-52FD877498CD}.Release|Any CPU.ActiveCfg = Release|Any CPU
		{A651D474-D043-4688-9795-52FD877498CD}.Release|Any CPU.Build.0 = Release|Any CPU
		{0E1E2A01-72BD-4DAF-87FB-356C0023118A}.Debug|Any CPU.ActiveCfg = Debug|Any CPU
		{0E1E2A01-72BD-4DAF-87FB-356C0023118A}.Debug|Any CPU.Build.0 = Debug|Any CPU
		{0E1E2A01-72BD-4DAF-87FB-356C0023118A}.Release|Any CPU.ActiveCfg = Release|Any CPU
		{0E1E2A01-72BD-4DAF-87FB-356C0023118A}.Release|Any CPU.Build.0 = Release|Any CPU
		{0C07CCC1-820C-49EE-AF2D-45668EE681DD}.Debug|Any CPU.ActiveCfg = Debug|Any CPU
		{0C07CCC1-820C-49EE-AF2D-45668EE681DD}.Debug|Any CPU.Build.0 = Debug|Any CPU
		{0C07CCC1-820C-49EE-AF2D-45668EE681DD}.Release|Any CPU.ActiveCfg = Release|Any CPU
		{0C07CCC1-820C-49EE-AF2D-45668EE681DD}.Release|Any CPU.Build.0 = Release|Any CPU
		{A3B82913-581F-4B5F-85A6-C314E77E8171}.Debug|Any CPU.ActiveCfg = Debug|Any CPU
		{A3B82913-581F-4B5F-85A6-C314E77E8171}.Debug|Any CPU.Build.0 = Debug|Any CPU
		{A3B82913-581F-4B5F-85A6-C314E77E8171}.Release|Any CPU.ActiveCfg = Release|Any CPU
		{A3B82913-581F-4B5F-85A6-C314E77E8171}.Release|Any CPU.Build.0 = Release|Any CPU
		{AC6323B8-E177-47CE-B5DF-9D62262B046F}.Debug|Any CPU.ActiveCfg = Debug|Any CPU
		{AC6323B8-E177-47CE-B5DF-9D62262B046F}.Debug|Any CPU.Build.0 = Debug|Any CPU
		{AC6323B8-E177-47CE-B5DF-9D62262B046F}.Release|Any CPU.ActiveCfg = Release|Any CPU
		{AC6323B8-E177-47CE-B5DF-9D62262B046F}.Release|Any CPU.Build.0 = Release|Any CPU
	EndGlobalSection
	GlobalSection(SolutionProperties) = preSolution
		HideSolutionNode = FALSE
	EndGlobalSection
	GlobalSection(NestedProjects) = preSolution
		{D3B3B286-1499-419F-A9E9-8463F19B00FC} = {C4FF79B7-B288-4CF7-B102-7355ABD63C3E}
		{E7DAA6B7-6F42-4EEA-96BD-6347CA5C6488} = {7CA9FD5D-593D-484C-A99C-F7901BEA23CB}
		{52B25B4A-68FC-48D5-9501-438442A8CB1E} = {7CA9FD5D-593D-484C-A99C-F7901BEA23CB}
		{BB4DDC80-8419-4B28-8396-48C77BF1F67B} = {7CA9FD5D-593D-484C-A99C-F7901BEA23CB}
		{A651D474-D043-4688-9795-52FD877498CD} = {CAA2607B-809B-4F1F-BC44-86495FBFFE0A}
		{0E1E2A01-72BD-4DAF-87FB-356C0023118A} = {CAA2607B-809B-4F1F-BC44-86495FBFFE0A}
		{0C07CCC1-820C-49EE-AF2D-45668EE681DD} = {7CA9FD5D-593D-484C-A99C-F7901BEA23CB}
		{A3B82913-581F-4B5F-85A6-C314E77E8171} = {ABC2AF5F-335D-4820-BA00-EEC57F5ABF8B}
		{AC6323B8-E177-47CE-B5DF-9D62262B046F} = {ABC2AF5F-335D-4820-BA00-EEC57F5ABF8B}
	EndGlobalSection
	GlobalSection(ExtensibilityGlobals) = postSolution
		SolutionGuid = {8A1109A6-8C1A-42FF-98DD-9CE6B6636B75}
	EndGlobalSection
EndGlobal
